
Microsoft Visual Studio Solution File, Format Version 12.00
# Visual Studio Version 17
VisualStudioVersion = 17.3.32811.315
MinimumVisualStudioVersion = 10.0.40219.1
Project("{9A19103F-16F7-4668-BE54-9A1E7A4F7556}") = "MagicVilla_VillaAPI", "MagicVilla_VillaAPI\MagicVilla_VillaAPI.csproj", "{105A1CB9-1BCA-496E-9852-B92D4CEB8466}"
EndProject
Project("{FAE04EC0-301F-11D3-BF4B-00C04F79EFBC}") = "MagicVilla_Web", "MagicVilla_Web\MagicVilla_Web.csproj", "{9DA7EA19-FF62-45E3-83CC-4E09779D1063}"
EndProject
Project("{FAE04EC0-301F-11D3-BF4B-00C04F79EFBC}") = "MagicVilla_Utilities", "MagicVilla_Utilities\MagicVilla_Utilities.csproj", "{88F901E8-63D1-4173-A7DB-EF7453186C8B}"
EndProject
Global
	GlobalSection(SolutionConfigurationPlatforms) = preSolution
		Debug|Any CPU = Debug|Any CPU
		Release|Any CPU = Release|Any CPU
	EndGlobalSection
	GlobalSection(ProjectConfigurationPlatforms) = postSolution
		{105A1CB9-1BCA-496E-9852-B92D4CEB8466}.Debug|Any CPU.ActiveCfg = Debug|Any CPU
		{105A1CB9-1BCA-496E-9852-B92D4CEB8466}.Debug|Any CPU.Build.0 = Debug|Any CPU
		{105A1CB9-1BCA-496E-9852-B92D4CEB8466}.Release|Any CPU.ActiveCfg = Release|Any CPU
		{105A1CB9-1BCA-496E-9852-B92D4CEB8466}.Release|Any CPU.Build.0 = Release|Any CPU
		{9DA7EA19-FF62-45E3-83CC-4E09779D1063}.Debug|Any CPU.ActiveCfg = Debug|Any CPU
		{9DA7EA19-FF62-45E3-83CC-4E09779D1063}.Debug|Any CPU.Build.0 = Debug|Any CPU
		{9DA7EA19-FF62-45E3-83CC-4E09779D1063}.Release|Any CPU.ActiveCfg = Release|Any CPU
		{9DA7EA19-FF62-45E3-83CC-4E09779D1063}.Release|Any CPU.Build.0 = Release|Any CPU
		{88F901E8-63D1-4173-A7DB-EF7453186C8B}.Debug|Any CPU.ActiveCfg = Debug|Any CPU
		{88F901E8-63D1-4173-A7DB-EF7453186C8B}.Debug|Any CPU.Build.0 = Debug|Any CPU
		{88F901E8-63D1-4173-A7DB-EF7453186C8B}.Release|Any CPU.ActiveCfg = Release|Any CPU
		{88F901E8-63D1-4173-A7DB-EF7453186C8B}.Release|Any CPU.Build.0 = Release|Any CPU
	EndGlobalSection
	GlobalSection(SolutionProperties) = preSolution
		HideSolutionNode = FALSE
	EndGlobalSection
	GlobalSection(ExtensibilityGlobals) = postSolution
		SolutionGuid = {11E837B8-C742-4483-9981-7851633D4CA1}
	EndGlobalSection
EndGlobal
